# THIS IS AN AUTOGENERATED FILE. DO NOT EDIT THIS FILE DIRECTLY.
# yarn lockfile v1


"@types/estree@0.0.39":
  version "0.0.39"
  resolved "https://registry.yarnpkg.com/@types/estree/-/estree-0.0.39.tgz#e177e699ee1b8c22d23174caaa7422644389509f"
  integrity sha512-EYNwp3bU+98cpU4lAWYYL7Zz+2gryWH1qbdDTidVd6hkiR6weksdbMadyXKXNPEkQFhXM+hVO9ZygomHXp+AIw==

"@types/node@^11.9.5":
  version "11.11.0"
  resolved "https://registry.yarnpkg.com/@types/node/-/node-11.11.0.tgz#070e9ce7c90e727aca0e0c14e470f9a93ffe9390"
  integrity sha512-D5Rt+HXgEywr3RQJcGlZUCTCx1qVbCZpVk3/tOOA6spLNZdGm8BU+zRgdRYDoF1pO3RuXLxADzMrF903JlQXqg==

acorn@^6.1.1:
  version "6.1.1"
  resolved "https://registry.yarnpkg.com/acorn/-/acorn-6.1.1.tgz#7d25ae05bb8ad1f9b699108e1094ecd7884adc1f"
  integrity sha512-jPTiwtOxaHNaAPg/dmrJ/beuzLRnXtB0kQPQ8JpotKJgTB6rX6c8mlf315941pyjBSaPg8NHXS9fhP4u17DpGA==

commander@^2.19.0:
  version "2.19.0"
  resolved "https://registry.yarnpkg.com/commander/-/commander-2.19.0.tgz#f6198aa84e5b83c46054b94ddedbfed5ee9ff12a"
  integrity sha512-6tvAOO+D6OENvRAh524Dh9jcfKTYDQAqvqezbCW82xj5X0pSrcpxtvRKHLG0yBY6SD7PSDrJaj+0AiOcKVd1Xg==

immer@^2.1.1:
  version "2.1.1"
  resolved "https://registry.yarnpkg.com/immer/-/immer-2.1.1.tgz#13abfc251e742b7dbc23e7444a3bd288c7394e43"
  integrity sha512-+S4ktJM7ugEy1aIfpsjTVf7ZLMMuwz8QqSxpJRZaCM+0ujfeU4kWcj57P02qQ/KRGMw7DwUS4lCKNNROHasXkw==

"js-tokens@^3.0.0 || ^4.0.0":
  version "4.0.0"
  resolved "https://registry.yarnpkg.com/js-tokens/-/js-tokens-4.0.0.tgz#19203fb59991df98e3a287050d4647cdeaf32499"
  integrity sha512-RdJUflcE3cUzKiMqQgsCu06FPu9UdIJO0beYbPhHN4k6apgJtifcoCtT9bcxOpYBtpD2kCM6Sbzg4CausW/PKQ==

katex@^0.10.1:
  version "0.10.1"
  resolved "https://registry.yarnpkg.com/katex/-/katex-0.10.1.tgz#5bb0b72bf19cecfc1fa217a9261760e5d301efff"
  integrity sha512-iZXZ2L8pEP7HXBLAaeWkdLxnoRQ8Fdks8IuIVt01tYb+D8e0em5JYgfe6J48wXsuEr512IRCN5Kvwb9FjZH6kg==
  dependencies:
    commander "^2.19.0"

loose-envify@^1.1.0, loose-envify@^1.4.0:
  version "1.4.0"
  resolved "https://registry.yarnpkg.com/loose-envify/-/loose-envify-1.4.0.tgz#71ee51fa7be4caec1a63839f7e682d8132d30caf"
  integrity sha512-lyuxPGr/Wfhrlem2CL/UcnUc1zcqKAImBDzukY7Y5F/yQiNdko6+fRLevlw1HgMySw7f611UIY408EtxRSoK3Q==
  dependencies:
    js-tokens "^3.0.0 || ^4.0.0"

object-assign@^4.1.1:
  version "4.1.1"
  resolved "https://registry.yarnpkg.com/object-assign/-/object-assign-4.1.1.tgz#2109adc7965887cfc05cbbd442cac8bfbb360863"
  integrity sha1-IQmtx5ZYh8/AXLvUQsrIv7s2CGM=

prop-types@^15.6.2:
  version "15.7.2"
  resolved "https://registry.yarnpkg.com/prop-types/-/prop-types-15.7.2.tgz#52c41e75b8c87e72b9d9360e0206b99dcbffa6c5"
  integrity sha512-8QQikdH7//R2vurIJSutZ1smHYTcLpRWEOlHnzcWHmBYrOGUysKwSsrC89BCiFj3CbrfJ/nXFdJepOVrY1GCHQ==
  dependencies:
    loose-envify "^1.4.0"
    object-assign "^4.1.1"
    react-is "^16.8.1"

react-is@^16.8.1:
  version "16.8.4"
  resolved "https://registry.yarnpkg.com/react-is/-/react-is-16.8.4.tgz#90f336a68c3a29a096a3d648ab80e87ec61482a2"
  integrity sha512-PVadd+WaUDOAciICm/J1waJaSvgq+4rHE/K70j0PFqKhkTBsPv/82UGQJNXAngz1fOQLLxI6z1sEDmJDQhCTAA==

react@^16.8.4:
  version "16.8.4"
  resolved "https://registry.yarnpkg.com/react/-/react-16.8.4.tgz#fdf7bd9ae53f03a9c4cd1a371432c206be1c4768"
  integrity sha512-0GQ6gFXfUH7aZcjGVymlPOASTuSjlQL4ZtVC5YKH+3JL6bBLCVO21DknzmaPlI90LN253ojj02nsapy+j7wIjg==
  dependencies:
    loose-envify "^1.1.0"
    object-assign "^4.1.1"
    prop-types "^15.6.2"
    scheduler "^0.13.4"

rollup@^1.6.0:
  version "1.6.0"
  resolved "https://registry.yarnpkg.com/rollup/-/rollup-1.6.0.tgz#4329f4634718197c678d18491724d50d8b7ee76c"
  integrity sha512-qu9iWyuiOxAuBM8cAwLuqPclYdarIpayrkfQB7aTGTiyYPbvx+qVF33sIznfq4bxZCiytQux/FvZieUBAXivCw==
  dependencies:
    "@types/estree" "0.0.39"
    "@types/node" "^11.9.5"
    acorn "^6.1.1"

scheduler@^0.13.4:
  version "0.13.4"
  resolved "https://registry.yarnpkg.com/scheduler/-/scheduler-0.13.4.tgz#8fef05e7a3580c76c0364d2df5e550e4c9140298"
  integrity sha512-cvSOlRPxOHs5dAhP9yiS/6IDmVAVxmk33f0CtTJRkmUWcb1Us+t7b1wqdzoC0REw2muC9V5f1L/w5R5uKGaepA==
  dependencies:
    loose-envify "^1.1.0"
    object-assign "^4.1.1"
